<?xml version="1.0" encoding="utf-8"?>
<Project ToolsVersion="4.0" xmlns="http://schemas.microsoft.com/developer/msbuild/2003">
  <ItemGroup>
    <Filter Include="Source Files">
      <UniqueIdentifier>{4FC737F1-C7A5-4376-A066-2A32D752A2FF}</UniqueIdentifier>
      <Extensions>cpp;c;cc;cxx;c++;cppm;ixx;def;odl;idl;hpj;bat;asm;asmx</Extensions>
    </Filter>
    <Filter Include="Header Files">
      <UniqueIdentifier>{93995380-89BD-4b04-88EB-625FBE52EBFB}</UniqueIdentifier>
      <Extensions>h;hh;hpp;hxx;h++;hm;inl;inc;ipp;xsd</Extensions>
    </Filter>
    <Filter Include="Resource Files">
      <UniqueIdentifier>{67DA6AB6-F800-4c08-8B7A-83BB121AAD01}</UniqueIdentifier>
      <Extensions>rc;ico;cur;bmp;dlg;rc2;rct;bin;rgs;gif;jpg;jpeg;jpe;resx;tiff;tif;png;wav;mfcribbon-ms</Extensions>
    </Filter>
    <Filter Include="Source Files\Kernels">
      <UniqueIdentifier>{c8fad3b0-47ba-4afc-9308-efea911968ce}</UniqueIdentifier>
    </Filter>
    <Filter Include="Source Files\Functions">
      <UniqueIdentifier>{b1d599c8-df99-4b4e-8458-9184832307cf}</UniqueIdentifier>
    </Filter>
    <Filter Include="Source Files\OpenCLHelp">
      <UniqueIdentifier>{73fa4889-432d-43cf-9793-3a218f2572bc}</UniqueIdentifier>
    </Filter>
    <Filter Include="Source Files\Settings">
      <UniqueIdentifier>{47f88087-d1ac-416f-a80f-5b5efe1e9767}</UniqueIdentifier>
    </Filter>
    <Filter Include="Source Files\Helpers">
      <UniqueIdentifier>{be65ded4-aefd-4f31-b61b-9cd450ad2aaf}</UniqueIdentifier>
    </Filter>
  </ItemGroup>
  <ItemGroup>
    <ClCompile Include="main.cpp">
      <Filter>Source Files</Filter>
    </ClCompile>
    <ClCompile Include="funcs.cpp">
      <Filter>Source Files\Functions</Filter>
    </ClCompile>
    <ClCompile Include="openCLHelper.cpp">
      <Filter>Source Files\OpenCLHelp</Filter>
    </ClCompile>
    <ClCompile Include="funcs2d.cpp">
      <Filter>Source Files\Functions</Filter>
    </ClCompile>
    <ClCompile Include="settings.cpp">
      <Filter>Source Files\Settings</Filter>
    </ClCompile>
    <ClCompile Include="helpers.cpp">
      <Filter>Source Files\Helpers</Filter>
    </ClCompile>
  </ItemGroup>
  <ItemGroup>
    <None Include="myDerivateKernel.cl">
      <Filter>Source Files\Kernels</Filter>
    </None>
  </ItemGroup>
  <ItemGroup>
    <ClInclude Include="funcs.h">
      <Filter>Source Files\Functions</Filter>
    </ClInclude>
    <ClInclude Include="openCLHelper.h">
      <Filter>Source Files\OpenCLHelp</Filter>
    </ClInclude>
    <ClInclude Include="funcs2d.h">
      <Filter>Source Files\Functions</Filter>
    </ClInclude>
    <ClInclude Include="settings.h">
      <Filter>Source Files\Settings</Filter>
    </ClInclude>
    <ClInclude Include="helpers.h">
      <Filter>Source Files\Helpers</Filter>
    </ClInclude>
  </ItemGroup>
</Project>